// !$*UTF8*$!
{
	archiveVersion = 1;
	classes = {
	};
	objectVersion = 48;
	objects = {

/* Begin PBXBuildFile section */
		2A01186621AF2B4300A109C1 /* PokedexViewController.swift in Sources */ = {isa = PBXBuildFile; fileRef = 2A01186521AF2B4300A109C1 /* PokedexViewController.swift */; };
		2A01186821AF2C9A00A109C1 /* Funciones.swift in Sources */ = {isa = PBXBuildFile; fileRef = 2A01186721AF2C9A00A109C1 /* Funciones.swift */; };
		2A2A4B9821A5D77B00CDBE1B /* AppDelegate.swift in Sources */ = {isa = PBXBuildFile; fileRef = 2A2A4B9721A5D77B00CDBE1B /* AppDelegate.swift */; };
		2A2A4B9A21A5D77B00CDBE1B /* ViewController.swift in Sources */ = {isa = PBXBuildFile; fileRef = 2A2A4B9921A5D77B00CDBE1B /* ViewController.swift */; };
		2A2A4B9D21A5D77B00CDBE1B /* Main.storyboard in Resources */ = {isa = PBXBuildFile; fileRef = 2A2A4B9B21A5D77B00CDBE1B /* Main.storyboard */; };
		2A2A4BA021A5D77B00CDBE1B /* PokemonGo.xcdatamodeld in Sources */ = {isa = PBXBuildFile; fileRef = 2A2A4B9E21A5D77B00CDBE1B /* PokemonGo.xcdatamodeld */; };
		2A2A4BA521A5D77B00CDBE1B /* LaunchScreen.storyboard in Resources */ = {isa = PBXBuildFile; fileRef = 2A2A4BA321A5D77B00CDBE1B /* LaunchScreen.storyboard */; };
		2A2A4BAE21A5D86B00CDBE1B /* MapKit.framework in Frameworks */ = {isa = PBXBuildFile; fileRef = 2A2A4BAD21A5D86B00CDBE1B /* MapKit.framework */; };
		2A7AAC5121AF3A5B0093E2C2 /* Assets.xcassets in Resources */ = {isa = PBXBuildFile; fileRef = 2A7AAC5021AF3A5B0093E2C2 /* Assets.xcassets */; };
		2A7AAC5321AF3FDE0093E2C2 /* PokePin.swift in Sources */ = {isa = PBXBuildFile; fileRef = 2A7AAC5221AF3FDE0093E2C2 /* PokePin.swift */; };
/* End PBXBuildFile section */

/* Begin PBXFileReference section */
		2A01186521AF2B4300A109C1 /* PokedexViewController.swift */ = {isa = PBXFileReference; lastKnownFileType = sourcecode.swift; path = PokedexViewController.swift; sourceTree = "<group>"; };
		2A01186721AF2C9A00A109C1 /* Funciones.swift */ = {isa = PBXFileReference; lastKnownFileType = sourcecode.swift; path = Funciones.swift; sourceTree = "<group>"; };
		2A2A4B9421A5D77B00CDBE1B /* PokemonGo.app */ = {isa = PBXFileReference; explicitFileType = wrapper.application; includeInIndex = 0; path = PokemonGo.app; sourceTree = BUILT_PRODUCTS_DIR; };
		2A2A4B9721A5D77B00CDBE1B /* AppDelegate.swift */ = {isa = PBXFileReference; lastKnownFileType = sourcecode.swift; path = AppDelegate.swift; sourceTree = "<group>"; };
		2A2A4B9921A5D77B00CDBE1B /* ViewController.swift */ = {isa = PBXFileReference; lastKnownFileType = sourcecode.swift; path = ViewController.swift; sourceTree = "<group>"; };
		2A2A4B9C21A5D77B00CDBE1B /* Base */ = {isa = PBXFileReference; lastKnownFileType = file.storyboard; name = Base; path = Base.lproj/Main.storyboard; sourceTree = "<group>"; };
		2A2A4B9F21A5D77B00CDBE1B /* PokemonGo.xcdatamodel */ = {isa = PBXFileReference; lastKnownFileType = wrapper.xcdatamodel; path = PokemonGo.xcdatamodel; sourceTree = "<group>"; };
		2A2A4BA421A5D77B00CDBE1B /* Base */ = {isa = PBXFileReference; lastKnownFileType = file.storyboard; name = Base; path = Base.lproj/LaunchScreen.storyboard; sourceTree = "<group>"; };
		2A2A4BA621A5D77B00CDBE1B /* Info.plist */ = {isa = PBXFileReference; lastKnownFileType = text.plist.xml; path = Info.plist; sourceTree = "<group>"; };
		2A2A4BAD21A5D86B00CDBE1B /* MapKit.framework */ = {isa = PBXFileReference; lastKnownFileType = wrapper.framework; name = MapKit.framework; path = System/Library/Frameworks/MapKit.framework; sourceTree = SDKROOT; };
		2A7AAC5021AF3A5B0093E2C2 /* Assets.xcassets */ = {isa = PBXFileReference; lastKnownFileType = folder.assetcatalog; path = Assets.xcassets; sourceTree = "<group>"; };
		2A7AAC5221AF3FDE0093E2C2 /* PokePin.swift */ = {isa = PBXFileReference; lastKnownFileType = sourcecode.swift; path = PokePin.swift; sourceTree = "<group>"; };
/* End PBXFileReference section */

/* Begin PBXFrameworksBuildPhase section */
		2A2A4B9121A5D77B00CDBE1B /* Frameworks */ = {
			isa = PBXFrameworksBuildPhase;
			buildActionMask = 2147483647;
			files = (
				2A2A4BAE21A5D86B00CDBE1B /* MapKit.framework in Frameworks */,
			);
			runOnlyForDeploymentPostprocessing = 0;
		};
/* End PBXFrameworksBuildPhase section */

/* Begin PBXGroup section */
		2A2A4B8B21A5D77B00CDBE1B = {
			isa = PBXGroup;
			children = (
				2A2A4B9621A5D77B00CDBE1B /* PokemonGo */,
				2A2A4B9521A5D77B00CDBE1B /* Products */,
				2A2A4BAC21A5D86B00CDBE1B /* Frameworks */,
			);
			sourceTree = "<group>";
		};
		2A2A4B9521A5D77B00CDBE1B /* Products */ = {
			isa = PBXGroup;
			children = (
				2A2A4B9421A5D77B00CDBE1B /* PokemonGo.app */,
			);
			name = Products;
			sourceTree = "<group>";
		};
		2A2A4B9621A5D77B00CDBE1B /* PokemonGo */ = {
			isa = PBXGroup;
			children = (
				2A7AAC5021AF3A5B0093E2C2 /* Assets.xcassets */,
				2A2A4B9721A5D77B00CDBE1B /* AppDelegate.swift */,
				2A2A4B9921A5D77B00CDBE1B /* ViewController.swift */,
				2A2A4B9B21A5D77B00CDBE1B /* Main.storyboard */,
				2A2A4BA321A5D77B00CDBE1B /* LaunchScreen.storyboard */,
				2A2A4BA621A5D77B00CDBE1B /* Info.plist */,
				2A2A4B9E21A5D77B00CDBE1B /* PokemonGo.xcdatamodeld */,
				2A01186521AF2B4300A109C1 /* PokedexViewController.swift */,
				2A01186721AF2C9A00A109C1 /* Funciones.swift */,
				2A7AAC5221AF3FDE0093E2C2 /* PokePin.swift */,
			);
			path = PokemonGo;
			sourceTree = "<group>";
		};
		2A2A4BAC21A5D86B00CDBE1B /* Frameworks */ = {
			isa = PBXGroup;
			children = (
				2A2A4BAD21A5D86B00CDBE1B /* MapKit.framework */,
			);
			name = Frameworks;
			sourceTree = "<group>";
		};
/* End PBXGroup section */

/* Begin PBXNativeTarget section */
		2A2A4B9321A5D77B00CDBE1B /* PokemonGo */ = {
			isa = PBXNativeTarget;
			buildConfigurationList = 2A2A4BA921A5D77B00CDBE1B /* Build configuration list for PBXNativeTarget "PokemonGo" */;
			buildPhases = (
				2A2A4B9021A5D77B00CDBE1B /* Sources */,
				2A2A4B9121A5D77B00CDBE1B /* Frameworks */,
				2A2A4B9221A5D77B00CDBE1B /* Resources */,
			);
			buildRules = (
			);
			dependencies = (
			);
			name = PokemonGo;
			productName = PokemonGo;
			productReference = 2A2A4B9421A5D77B00CDBE1B /* PokemonGo.app */;
			productType = "com.apple.product-type.application";
		};
/* End PBXNativeTarget section */

/* Begin PBXProject section */
		2A2A4B8C21A5D77B00CDBE1B /* Project object */ = {
			isa = PBXProject;
			attributes = {
				LastSwiftUpdateCheck = 0920;
				LastUpgradeCheck = 0920;
				ORGANIZATIONNAME = Tecsup;
				TargetAttributes = {
					2A2A4B9321A5D77B00CDBE1B = {
						CreatedOnToolsVersion = 9.2;
						ProvisioningStyle = Automatic;
					};
				};
			};
			buildConfigurationList = 2A2A4B8F21A5D77B00CDBE1B /* Build configuration list for PBXProject "PokemonGo" */;
			compatibilityVersion = "Xcode 8.0";
			developmentRegion = en;
			hasScannedForEncodings = 0;
			knownRegions = (
				en,
				Base,
			);
			mainGroup = 2A2A4B8B21A5D77B00CDBE1B;
			productRefGroup = 2A2A4B9521A5D77B00CDBE1B /* Products */;
			projectDirPath = "";
			projectRoot = "";
			targets = (
				2A2A4B9321A5D77B00CDBE1B /* PokemonGo */,
			);
		};
/* End PBXProject section */

/* Begin PBXResourcesBuildPhase section */
		2A2A4B9221A5D77B00CDBE1B /* Resources */ = {
			isa = PBXResourcesBuildPhase;
			buildActionMask = 2147483647;
			files = (
				2A2A4BA521A5D77B00CDBE1B /* LaunchScreen.storyboard in Resources */,
				2A7AAC5121AF3A5B0093E2C2 /* Assets.xcassets in Resources */,
				2A2A4B9D21A5D77B00CDBE1B /* Main.storyboard in Resources */,
			);
			runOnlyForDeploymentPostprocessing = 0;
		};
/* End PBXResourcesBuildPhase section */

/* Begin PBXSourcesBuildPhase section */
		2A2A4B9021A5D77B00CDBE1B /* Sources */ = {
			isa = PBXSourcesBuildPhase;
			buildActionMask = 2147483647;
			files = (
				2A7AAC5321AF3FDE0093E2C2 /* PokePin.swift in Sources */,
				2A2A4B9A21A5D77B00CDBE1B /* ViewController.swift in Sources */,
				2A01186621AF2B4300A109C1 /* PokedexViewController.swift in Sources */,
				2A2A4B9821A5D77B00CDBE1B /* AppDelegate.swift in Sources */,
				2A2A4BA021A5D77B00CDBE1B /* PokemonGo.xcdatamodeld in Sources */,
				2A01186821AF2C9A00A109C1 /* Funciones.swift in Sources */,
			);
			runOnlyForDeploymentPostprocessing = 0;
		};
/* End PBXSourcesBuildPhase section */

/* Begin PBXVariantGroup section */
		2A2A4B9B21A5D77B00CDBE1B /* Main.storyboard */ = {
			isa = PBXVariantGroup;
			children = (
				2A2A4B9C21A5D77B00CDBE1B /* Base */,
			);
			name = Main.storyboard;
			sourceTree = "<group>";
		};
		2A2A4BA321A5D77B00CDBE1B /* LaunchScreen.storyboard */ = {
			isa = PBXVariantGroup;
			children = (
				2A2A4BA421A5D77B00CDBE1B /* Base */,
			);
			name = LaunchScreen.storyboard;
			sourceTree = "<group>";
		};
/* End PBXVariantGroup section */

/* Begin XCBuildConfiguration section */
		2A2A4BA721A5D77B00CDBE1B /* Debug */ = {
			isa = XCBuildConfiguration;
			buildSettings = {
				ALWAYS_SEARCH_USER_PATHS = NO;
				CLANG_ANALYZER_NONNULL = YES;
				CLANG_ANALYZER_NUMBER_OBJECT_CONVERSION = YES_AGGRESSIVE;
				CLANG_CXX_LANGUAGE_STANDARD = "gnu++14";
				CLANG_CXX_LIBRARY = "libc++";
				CLANG_ENABLE_MODULES = YES;
				CLANG_ENABLE_OBJC_ARC = YES;
				CLANG_WARN_BLOCK_CAPTURE_AUTORELEASING = YES;
				CLANG_WARN_BOOL_CONVERSION = YES;
				CLANG_WARN_COMMA = YES;
				CLANG_WARN_CONSTANT_CONVERSION = YES;
				CLANG_WARN_DIRECT_OBJC_ISA_USAGE = YES_ERROR;
				CLANG_WARN_DOCUMENTATION_COMMENTS = YES;
				CLANG_WARN_EMPTY_BODY = YES;
				CLANG_WARN_ENUM_CONVERSION = YES;
				CLANG_WARN_INFINITE_RECURSION = YES;
				CLANG_WARN_INT_CONVERSION = YES;
				CLANG_WARN_NON_LITERAL_NULL_CONVERSION = YES;
				CLANG_WARN_OBJC_LITERAL_CONVERSION = YES;
				CLANG_WARN_OBJC_ROOT_CLASS = YES_ERROR;
				CLANG_WARN_RANGE_LOOP_ANALYSIS = YES;
				CLANG_WARN_STRICT_PROTOTYPES = YES;
				CLANG_WARN_SUSPICIOUS_MOVE = YES;
				CLANG_WARN_UNGUARDED_AVAILABILITY = YES_AGGRESSIVE;
				CLANG_WARN_UNREACHABLE_CODE = YES;
				CLANG_WARN__DUPLICATE_METHOD_MATCH = YES;
				CODE_SIGN_IDENTITY = "iPhone Developer";
				COPY_PHASE_STRIP = NO;
				DEBUG_INFORMATION_FORMAT = dwarf;
				ENABLE_STRICT_OBJC_MSGSEND = YES;
				ENABLE_TESTABILITY = YES;
				GCC_C_LANGUAGE_STANDARD = gnu11;
				GCC_DYNAMIC_NO_PIC = NO;
				GCC_NO_COMMON_BLOCKS = YES;
				GCC_OPTIMIZATION_LEVEL = 0;
				GCC_PREPROCESSOR_DEFINITIONS = (
					"DEBUG=1",
					"$(inherited)",
				);
				GCC_WARN_64_TO_32_BIT_CONVERSION = YES;
				GCC_WARN_ABOUT_RETURN_TYPE = YES_ERROR;
				GCC_WARN_UNDECLARED_SELECTOR = YES;
				GCC_WARN_UNINITIALIZED_AUTOS = YES_AGGRESSIVE;
				GCC_WARN_UNUSED_FUNCTION = YES;
				GCC_WARN_UNUSED_VARIABLE = YES;
				IPHONEOS_DEPLOYMENT_TARGET = 11.2;
				MTL_ENABLE_DEBUG_INFO = YES;
				ONLY_ACTIVE_ARCH = YES;
				SDKROOT = iphoneos;
				SWIFT_ACTIVE_COMPILATION_CONDITIONS = DEBUG;
				SWIFT_OPTIMIZATION_LEVEL = "-Onone";
			};
			name = Debug;
		};
		2A2A4BA821A5D77B00CDBE1B /* Release */ = {
			isa = XCBuildConfiguration;
			buildSettings = {
				ALWAYS_SEARCH_USER_PATHS = NO;
				CLANG_ANALYZER_NONNULL = YES;
				CLANG_ANALYZER_NUMBER_OBJECT_CONVERSION = YES_AGGRESSIVE;
				CLANG_CXX_LANGUAGE_STANDARD = "gnu++14";
				CLANG_CXX_LIBRARY = "libc++";
				CLANG_ENABLE_MODULES = YES;
				CLANG_ENABLE_OBJC_ARC = YES;
				CLANG_WARN_BLOCK_CAPTURE_AUTORELEASING = YES;
				CLANG_WARN_BOOL_CONVERSION = YES;
				CLANG_WARN_COMMA = YES;
				CLANG_WARN_CONSTANT_CONVERSION = YES;
				CLANG_WARN_DIRECT_OBJC_ISA_USAGE = YES_ERROR;
				CLANG_WARN_DOCUMENTATION_COMMENTS = YES;
				CLANG_WARN_EMPTY_BODY = YES;
				CLANG_WARN_ENUM_CONVERSION = YES;
				CLANG_WARN_INFINITE_RECURSION = YES;
				CLANG_WARN_INT_CONVERSION = YES;
				CLANG_WARN_NON_LITERAL_NULL_CONVERSION = YES;
				CLANG_WARN_OBJC_LITERAL_CONVERSION = YES;
				CLANG_WARN_OBJC_ROOT_CLASS = YES_ERROR;
				CLANG_WARN_RANGE_LOOP_ANALYSIS = YES;
				CLANG_WARN_STRICT_PROTOTYPES = YES;
				CLANG_WARN_SUSPICIOUS_MOVE = YES;
				CLANG_WARN_UNGUARDED_AVAILABILITY = YES_AGGRESSIVE;
				CLANG_WARN_UNREACHABLE_CODE = YES;
				CLANG_WARN__DUPLICATE_METHOD_MATCH = YES;
				CODE_SIGN_IDENTITY = "iPhone Developer";
				COPY_PHASE_STRIP = NO;
				DEBUG_INFORMATION_FORMAT = "dwarf-with-dsym";
				ENABLE_NS_ASSERTIONS = NO;
				ENABLE_STRICT_OBJC_MSGSEND = YES;
				GCC_C_LANGUAGE_STANDARD = gnu11;
				GCC_NO_COMMON_BLOCKS = YES;
				GCC_WARN_64_TO_32_BIT_CONVERSION = YES;
				GCC_WARN_ABOUT_RETURN_TYPE = YES_ERROR;
				GCC_WARN_UNDECLARED_SELECTOR = YES;
				GCC_WARN_UNINITIALIZED_AUTOS = YES_AGGRESSIVE;
				GCC_WARN_UNUSED_FUNCTION = YES;
				GCC_WARN_UNUSED_VARIABLE = YES;
				IPHONEOS_DEPLOYMENT_TARGET = 11.2;
				MTL_ENABLE_DEBUG_INFO = NO;
				SDKROOT = iphoneos;
				SWIFT_OPTIMIZATION_LEVEL = "-Owholemodule";
				VALIDATE_PRODUCT = YES;
			};
			name = Release;
		};
		2A2A4BAA21A5D77B00CDBE1B /* Debug */ = {
			isa = XCBuildConfiguration;
			buildSettings = {
				ASSETCATALOG_COMPILER_APPICON_NAME = AppIcon;
				CODE_SIGN_STYLE = Automatic;
				DEVELOPMENT_TEAM = T4RN7Q3TT9;
				INFOPLIST_FILE = PokemonGo/Info.plist;
				LD_RUNPATH_SEARCH_PATHS = "$(inherited) @executable_path/Frameworks";
				PRODUCT_BUNDLE_IDENTIFIER = com.tecsup.PokemonGorevata;
				PRODUCT_NAME = "$(TARGET_NAME)";
				SWIFT_VERSION = 4.0;
				TARGETED_DEVICE_FAMILY = "1,2";
			};
			name = Debug;
		};
		2A2A4BAB21A5D77B00CDBE1B /* Release */ = {
			isa = XCBuildConfiguration;
			buildSettings = {
				ASSETCATALOG_COMPILER_APPICON_NAME = AppIcon;
				CODE_SIGN_STYLE = Automatic;
				DEVELOPMENT_TEAM = T4RN7Q3TT9;
				INFOPLIST_FILE = PokemonGo/Info.plist;
				LD_RUNPATH_SEARCH_PATHS = "$(inherited) @executable_path/Frameworks";
				PRODUCT_BUNDLE_IDENTIFIER = com.tecsup.PokemonGorevata;
				PRODUCT_NAME = "$(TARGET_NAME)";
				SWIFT_VERSION = 4.0;
				TARGETED_DEVICE_FAMILY = "1,2";
			};
			name = Release;
		};
/* End XCBuildConfiguration section */

/* Begin XCConfigurationList section */
		2A2A4B8F21A5D77B00CDBE1B /* Build configuration list for PBXProject "PokemonGo" */ = {
			isa = XCConfigurationList;
			buildConfigurations = (
				2A2A4BA721A5D77B00CDBE1B /* Debug */,
				2A2A4BA821A5D77B00CDBE1B /* Release */,
			);
			defaultConfigurationIsVisible = 0;
			defaultConfigurationName = Release;
		};
		2A2A4BA921A5D77B00CDBE1B /* Build configuration list for PBXNativeTarget "PokemonGo" */ = {
			isa = XCConfigurationList;
			buildConfigurations = (
				2A2A4BAA21A5D77B00CDBE1B /* Debug */,
				2A2A4BAB21A5D77B00CDBE1B /* Release */,
			);
			defaultConfigurationIsVisible = 0;
			defaultConfigurationName = Release;
		};
/* End XCConfigurationList section */

/* Begin XCVersionGroup section */
		2A2A4B9E21A5D77B00CDBE1B /* PokemonGo.xcdatamodeld */ = {
			isa = XCVersionGroup;
			children = (
				2A2A4B9F21A5D77B00CDBE1B /* PokemonGo.xcdatamodel */,
			);
			currentVersion = 2A2A4B9F21A5D77B00CDBE1B /* PokemonGo.xcdatamodel */;
			path = PokemonGo.xcdatamodeld;
			sourceTree = "<group>";
			versionGroupType = wrapper.xcdatamodel;
		};
/* End XCVersionGroup section */
	};
	rootObject = 2A2A4B8C21A5D77B00CDBE1B /* Project object */;
}
